PODS:
  - ORSSerialPort (2.0.2)
  - PocketSocket (1.0.1):
    - PocketSocket/Client (= 1.0.1)
    - PocketSocket/Core (= 1.0.1)
    - PocketSocket/Server (= 1.0.1)
  - PocketSocket/Client (1.0.1):
    - PocketSocket/Core
  - PocketSocket/Core (1.0.1)
  - PocketSocket/Server (1.0.1):
    - PocketSocket/Client

DEPENDENCIES:
  - ORSSerialPort
  - PocketSocket

SPEC CHECKSUMS:
  ORSSerialPort: 3fb0d2404b7e8b99c4f1aa7e7314d63030cd54c3
  PocketSocket: 9c6867d66fb4f962af96b9b07f4b45bb561b2c2a

PODFILE CHECKSUM: 9b427175866c57bdb1f0de03c6c372a67e56534b

COCOAPODS: 1.2.0
